{
  "version": 4,
  "terraform_version": "1.14.3",
  "serial": 28,
  "lineage": "55da2426-fc50-c9d1-9696-1e170a19e0af",
  "outputs": {
    "app_server_public_ip": {
      "value": "4.223.230.158",
      "type": "string"
    },
    "app_server_ssh_command": {
      "value": "ssh azureuser@4.223.230.158",
      "type": "string"
    },
    "monitor_server_public_ip": {
      "value": "4.223.230.68",
      "type": "string"
    },
    "monitor_server_ssh_command": {
      "value": "ssh azureuser@4.223.230.68",
      "type": "string"
    },
    "resource_group_name": {
      "value": "dummyapp-rg",
      "type": "string"
    }
  },
  "resources": [
    {
      "mode": "managed",
      "type": "azurerm_linux_virtual_machine",
      "name": "app",
      "provider": "provider[\"registry.terraform.io/hashicorp/azurerm\"]",
      "instances": [
        {
          "schema_version": 0,
          "attributes": {
            "additional_capabilities": [],
            "admin_password": null,
            "admin_ssh_key": [
              {
                "public_key": "ssh-rsa AAAAB3NzaC1yc2EAAAADAQABAAACAQDQBOFKiAoRS/6oBLygQae3ZPBgMZELhMfQ3pOIWk+gHnwx7hjXOokV4+gfPZR7dCtTJeZP13zmFe3W3SK3WGM+r2H6FT5zZ785AnA0Bebd9ZOVI3bTe9hdZAoHXcn0+lewVtIaDVtO84La5XIwD3qAUKTE65GdvtBu8EsU0oNoVvicJGjJF/X+ClJkS1QYsbKF8NCQ8vcmzFl68iNw7egoyH03LSYa+CAi/iIt6kymU+7330a0jHLRmn1YgKu0CoKF5K7dHFkeYOFeEbfnJyVpdv98ftaaMnLYK635gaofMgkemW4Yy413tMLRo08IDVNwBsq2wCAbR55iCqBa1FnxJrMBoKIkBbOFyIX2v5f+eRyL2ssf03SfPLpAWXT71Q+xSNrFCuxU+xbU1F7fjcAa2wd4RlC9mxSuQ6CzFstw6kkKwOK9rtjS4IfAxajPnim2P7w3ewVXmUp6Y0F+Mr8mYdtx8jPQAq9z2a5Y7q6uCX7L9K5a53ceK/pnko2td8uElOvs9/SmA576CTw7uLEZtaGaTPY2oCXQI00yZtqFpUXExcGZGxIFXt3iwr2ryRgbZF3CWMAs+WHZIUIuN9c+hfI5kLFrSSWL7ch7/LLewkS+aanUSfOlWlrUs6bqT0FUpLuenISv2LkTHjnc/oj1Oh2Jgp6z3HMoxxcGEJobmQ== projekat-azure-key\n",
                "username": "azureuser"
              }
            ],
            "admin_username": "azureuser",
            "allow_extension_operations": true,
            "availability_set_id": "",
            "boot_diagnostics": [],
            "bypass_platform_safety_checks_on_user_schedule_enabled": false,
            "capacity_reservation_group_id": "",
            "computer_name": "dummyapp-app-vm",
            "custom_data": null,
            "dedicated_host_group_id": "",
            "dedicated_host_id": "",
            "disable_password_authentication": true,
            "disk_controller_type": "SCSI",
            "edge_zone": "",
            "encryption_at_host_enabled": false,
            "eviction_policy": "",
            "extensions_time_budget": "PT1H30M",
            "gallery_application": [],
            "id": "/subscriptions/b568dbb1-bd16-4fdb-af4b-0fff1381df8a/resourceGroups/dummyapp-rg/providers/Microsoft.Compute/virtualMachines/dummyapp-app-vm",
            "identity": [],
            "license_type": "",
            "location": "swedencentral",
            "max_bid_price": -1,
            "name": "dummyapp-app-vm",
            "network_interface_ids": [
              "/subscriptions/b568dbb1-bd16-4fdb-af4b-0fff1381df8a/resourceGroups/dummyapp-rg/providers/Microsoft.Network/networkInterfaces/dummyapp-app-nic"
            ],
            "os_disk": [
              {
                "caching": "ReadWrite",
                "diff_disk_settings": [],
                "disk_encryption_set_id": "",
                "disk_size_gb": 30,
                "name": "dummyapp-app-vm_OsDisk_1_26847e030540478a82bfc48924bbe115",
                "secure_vm_disk_encryption_set_id": "",
                "security_encryption_type": "",
                "storage_account_type": "Standard_LRS",
                "write_accelerator_enabled": false
              }
            ],
            "os_image_notification": [],
            "patch_assessment_mode": "ImageDefault",
            "patch_mode": "ImageDefault",
            "plan": [],
            "platform_fault_domain": -1,
            "priority": "Regular",
            "private_ip_address": "10.0.1.4",
            "private_ip_addresses": [
              "10.0.1.4"
            ],
            "provision_vm_agent": true,
            "proximity_placement_group_id": "",
            "public_ip_address": "4.223.230.158",
            "public_ip_addresses": [
              "4.223.230.158"
            ],
            "reboot_setting": "",
            "resource_group_name": "dummyapp-rg",
            "secret": [],
            "secure_boot_enabled": false,
            "size": "Standard_D2s_v3",
            "source_image_id": "",
            "source_image_reference": [
              {
                "offer": "0001-com-ubuntu-server-jammy",
                "publisher": "Canonical",
                "sku": "22_04-lts-gen2",
                "version": "latest"
              }
            ],
            "tags": null,
            "termination_notification": null,
            "timeouts": null,
            "user_data": "",
            "virtual_machine_id": "cc141807-1d35-4449-9b7e-f51ec021790a",
            "virtual_machine_scale_set_id": "",
            "vm_agent_platform_updates_enabled": false,
            "vtpm_enabled": false,
            "zone": ""
          },
          "sensitive_attributes": [
            [
              {
                "type": "get_attr",
                "value": "admin_password"
              }
            ],
            [
              {
                "type": "get_attr",
                "value": "custom_data"
              }
            ]
          ],
          "identity_schema_version": 0,
          "private": "eyJlMmJmYjczMC1lY2FhLTExZTYtOGY4OC0zNDM2M2JjN2M0YzAiOnsiY3JlYXRlIjoyNzAwMDAwMDAwMDAwLCJkZWxldGUiOjI3MDAwMDAwMDAwMDAsInJlYWQiOjMwMDAwMDAwMDAwMCwidXBkYXRlIjoyNzAwMDAwMDAwMDAwfX0=",
          "dependencies": [
            "azurerm_network_interface.app",
            "azurerm_public_ip.app",
            "azurerm_resource_group.main",
            "azurerm_subnet.main",
            "azurerm_virtual_network.main"
          ]
        }
      ]
    },
    {
      "mode": "managed",
      "type": "azurerm_linux_virtual_machine",
      "name": "monitor",
      "provider": "provider[\"registry.terraform.io/hashicorp/azurerm\"]",
      "instances": [
        {
          "schema_version": 0,
          "attributes": {
            "additional_capabilities": [],
            "admin_password": null,
            "admin_ssh_key": [
              {
                "public_key": "ssh-rsa AAAAB3NzaC1yc2EAAAADAQABAAACAQDQBOFKiAoRS/6oBLygQae3ZPBgMZELhMfQ3pOIWk+gHnwx7hjXOokV4+gfPZR7dCtTJeZP13zmFe3W3SK3WGM+r2H6FT5zZ785AnA0Bebd9ZOVI3bTe9hdZAoHXcn0+lewVtIaDVtO84La5XIwD3qAUKTE65GdvtBu8EsU0oNoVvicJGjJF/X+ClJkS1QYsbKF8NCQ8vcmzFl68iNw7egoyH03LSYa+CAi/iIt6kymU+7330a0jHLRmn1YgKu0CoKF5K7dHFkeYOFeEbfnJyVpdv98ftaaMnLYK635gaofMgkemW4Yy413tMLRo08IDVNwBsq2wCAbR55iCqBa1FnxJrMBoKIkBbOFyIX2v5f+eRyL2ssf03SfPLpAWXT71Q+xSNrFCuxU+xbU1F7fjcAa2wd4RlC9mxSuQ6CzFstw6kkKwOK9rtjS4IfAxajPnim2P7w3ewVXmUp6Y0F+Mr8mYdtx8jPQAq9z2a5Y7q6uCX7L9K5a53ceK/pnko2td8uElOvs9/SmA576CTw7uLEZtaGaTPY2oCXQI00yZtqFpUXExcGZGxIFXt3iwr2ryRgbZF3CWMAs+WHZIUIuN9c+hfI5kLFrSSWL7ch7/LLewkS+aanUSfOlWlrUs6bqT0FUpLuenISv2LkTHjnc/oj1Oh2Jgp6z3HMoxxcGEJobmQ== projekat-azure-key\n",
                "username": "azureuser"
              }
            ],
            "admin_username": "azureuser",
            "allow_extension_operations": true,
            "availability_set_id": "",
            "boot_diagnostics": [],
            "bypass_platform_safety_checks_on_user_schedule_enabled": false,
            "capacity_reservation_group_id": "",
            "computer_name": "dummyapp-monitor-vm",
            "custom_data": null,
            "dedicated_host_group_id": "",
            "dedicated_host_id": "",
            "disable_password_authentication": true,
            "disk_controller_type": "SCSI",
            "edge_zone": "",
            "encryption_at_host_enabled": false,
            "eviction_policy": "",
            "extensions_time_budget": "PT1H30M",
            "gallery_application": [],
            "id": "/subscriptions/b568dbb1-bd16-4fdb-af4b-0fff1381df8a/resourceGroups/dummyapp-rg/providers/Microsoft.Compute/virtualMachines/dummyapp-monitor-vm",
            "identity": [],
            "license_type": "",
            "location": "swedencentral",
            "max_bid_price": -1,
            "name": "dummyapp-monitor-vm",
            "network_interface_ids": [
              "/subscriptions/b568dbb1-bd16-4fdb-af4b-0fff1381df8a/resourceGroups/dummyapp-rg/providers/Microsoft.Network/networkInterfaces/dummyapp-monitor-nic"
            ],
            "os_disk": [
              {
                "caching": "ReadWrite",
                "diff_disk_settings": [],
                "disk_encryption_set_id": "",
                "disk_size_gb": 30,
                "name": "dummyapp-monitor-vm_OsDisk_1_018f6f4c212c4428ae18850171b2cd5f",
                "secure_vm_disk_encryption_set_id": "",
                "security_encryption_type": "",
                "storage_account_type": "Standard_LRS",
                "write_accelerator_enabled": false
              }
            ],
            "os_image_notification": [],
            "patch_assessment_mode": "ImageDefault",
            "patch_mode": "ImageDefault",
            "plan": [],
            "platform_fault_domain": -1,
            "priority": "Regular",
            "private_ip_address": "10.0.1.5",
            "private_ip_addresses": [
              "10.0.1.5"
            ],
            "provision_vm_agent": true,
            "proximity_placement_group_id": "",
            "public_ip_address": "4.223.230.68",
            "public_ip_addresses": [
              "4.223.230.68"
            ],
            "reboot_setting": "",
            "resource_group_name": "dummyapp-rg",
            "secret": [],
            "secure_boot_enabled": false,
            "size": "Standard_D2s_v3",
            "source_image_id": "",
            "source_image_reference": [
              {
                "offer": "0001-com-ubuntu-server-jammy",
                "publisher": "Canonical",
                "sku": "22_04-lts-gen2",
                "version": "latest"
              }
            ],
            "tags": null,
            "termination_notification": null,
            "timeouts": null,
            "user_data": "",
            "virtual_machine_id": "4de206b3-5b54-44e5-a777-8aee885ebbcb",
            "virtual_machine_scale_set_id": "",
            "vm_agent_platform_updates_enabled": false,
            "vtpm_enabled": false,
            "zone": ""
          },
          "sensitive_attributes": [
            [
              {
                "type": "get_attr",
                "value": "admin_password"
              }
            ],
            [
              {
                "type": "get_attr",
                "value": "custom_data"
              }
            ]
          ],
          "identity_schema_version": 0,
          "private": "eyJlMmJmYjczMC1lY2FhLTExZTYtOGY4OC0zNDM2M2JjN2M0YzAiOnsiY3JlYXRlIjoyNzAwMDAwMDAwMDAwLCJkZWxldGUiOjI3MDAwMDAwMDAwMDAsInJlYWQiOjMwMDAwMDAwMDAwMCwidXBkYXRlIjoyNzAwMDAwMDAwMDAwfX0=",
          "dependencies": [
            "azurerm_network_interface.monitor",
            "azurerm_public_ip.monitor",
            "azurerm_resource_group.main",
            "azurerm_subnet.main",
            "azurerm_virtual_network.main"
          ]
        }
      ]
    },
    {
      "mode": "managed",
      "type": "azurerm_network_interface",
      "name": "app",
      "provider": "provider[\"registry.terraform.io/hashicorp/azurerm\"]",
      "instances": [
        {
          "schema_version": 0,
          "attributes": {
            "accelerated_networking_enabled": false,
            "applied_dns_servers": [],
            "auxiliary_mode": "",
            "auxiliary_sku": "",
            "dns_servers": [],
            "edge_zone": "",
            "enable_accelerated_networking": false,
            "enable_ip_forwarding": false,
            "id": "/subscriptions/b568dbb1-bd16-4fdb-af4b-0fff1381df8a/resourceGroups/dummyapp-rg/providers/Microsoft.Network/networkInterfaces/dummyapp-app-nic",
            "internal_dns_name_label": "",
            "internal_domain_name_suffix": "kifoewj3vx1uhogrramfjblxgb.gvxx.internal.cloudapp.net",
            "ip_configuration": [
              {
                "gateway_load_balancer_frontend_ip_configuration_id": "",
                "name": "internal",
                "primary": true,
                "private_ip_address": "10.0.1.4",
                "private_ip_address_allocation": "Dynamic",
                "private_ip_address_version": "IPv4",
                "public_ip_address_id": "/subscriptions/b568dbb1-bd16-4fdb-af4b-0fff1381df8a/resourceGroups/dummyapp-rg/providers/Microsoft.Network/publicIPAddresses/dummyapp-app-ip",
                "subnet_id": "/subscriptions/b568dbb1-bd16-4fdb-af4b-0fff1381df8a/resourceGroups/dummyapp-rg/providers/Microsoft.Network/virtualNetworks/dummyapp-vnet/subnets/dummyapp-subnet"
              }
            ],
            "ip_forwarding_enabled": false,
            "location": "swedencentral",
            "mac_address": "",
            "name": "dummyapp-app-nic",
            "private_ip_address": "10.0.1.4",
            "private_ip_addresses": [
              "10.0.1.4"
            ],
            "resource_group_name": "dummyapp-rg",
            "tags": {},
            "timeouts": null,
            "virtual_machine_id": ""
          },
          "sensitive_attributes": [],
          "identity_schema_version": 0,
          "private": "eyJlMmJmYjczMC1lY2FhLTExZTYtOGY4OC0zNDM2M2JjN2M0YzAiOnsiY3JlYXRlIjoxODAwMDAwMDAwMDAwLCJkZWxldGUiOjE4MDAwMDAwMDAwMDAsInJlYWQiOjMwMDAwMDAwMDAwMCwidXBkYXRlIjoxODAwMDAwMDAwMDAwfX0=",
          "dependencies": [
            "azurerm_public_ip.app",
            "azurerm_resource_group.main",
            "azurerm_subnet.main",
            "azurerm_virtual_network.main"
          ]
        }
      ]
    },
    {
      "mode": "managed",
      "type": "azurerm_network_interface",
      "name": "monitor",
      "provider": "provider[\"registry.terraform.io/hashicorp/azurerm\"]",
      "instances": [
        {
          "schema_version": 0,
          "attributes": {
            "accelerated_networking_enabled": false,
            "applied_dns_servers": [],
            "auxiliary_mode": "",
            "auxiliary_sku": "",
            "dns_servers": [],
            "edge_zone": "",
            "enable_accelerated_networking": false,
            "enable_ip_forwarding": false,
            "id": "/subscriptions/b568dbb1-bd16-4fdb-af4b-0fff1381df8a/resourceGroups/dummyapp-rg/providers/Microsoft.Network/networkInterfaces/dummyapp-monitor-nic",
            "internal_dns_name_label": "",
            "internal_domain_name_suffix": "kifoewj3vx1uhogrramfjblxgb.gvxx.internal.cloudapp.net",
            "ip_configuration": [
              {
                "gateway_load_balancer_frontend_ip_configuration_id": "",
                "name": "internal",
                "primary": true,
                "private_ip_address": "10.0.1.5",
                "private_ip_address_allocation": "Dynamic",
                "private_ip_address_version": "IPv4",
                "public_ip_address_id": "/subscriptions/b568dbb1-bd16-4fdb-af4b-0fff1381df8a/resourceGroups/dummyapp-rg/providers/Microsoft.Network/publicIPAddresses/dummyapp-monitor-ip",
                "subnet_id": "/subscriptions/b568dbb1-bd16-4fdb-af4b-0fff1381df8a/resourceGroups/dummyapp-rg/providers/Microsoft.Network/virtualNetworks/dummyapp-vnet/subnets/dummyapp-subnet"
              }
            ],
            "ip_forwarding_enabled": false,
            "location": "swedencentral",
            "mac_address": "",
            "name": "dummyapp-monitor-nic",
            "private_ip_address": "10.0.1.5",
            "private_ip_addresses": [
              "10.0.1.5"
            ],
            "resource_group_name": "dummyapp-rg",
            "tags": {},
            "timeouts": null,
            "virtual_machine_id": ""
          },
          "sensitive_attributes": [],
          "identity_schema_version": 0,
          "private": "eyJlMmJmYjczMC1lY2FhLTExZTYtOGY4OC0zNDM2M2JjN2M0YzAiOnsiY3JlYXRlIjoxODAwMDAwMDAwMDAwLCJkZWxldGUiOjE4MDAwMDAwMDAwMDAsInJlYWQiOjMwMDAwMDAwMDAwMCwidXBkYXRlIjoxODAwMDAwMDAwMDAwfX0=",
          "dependencies": [
            "azurerm_public_ip.monitor",
            "azurerm_resource_group.main",
            "azurerm_subnet.main",
            "azurerm_virtual_network.main"
          ]
        }
      ]
    },
    {
      "mode": "managed",
      "type": "azurerm_network_interface_security_group_association",
      "name": "app",
      "provider": "provider[\"registry.terraform.io/hashicorp/azurerm\"]",
      "instances": [
        {
          "schema_version": 0,
          "attributes": {
            "id": "/subscriptions/b568dbb1-bd16-4fdb-af4b-0fff1381df8a/resourceGroups/dummyapp-rg/providers/Microsoft.Network/networkInterfaces/dummyapp-app-nic|/subscriptions/b568dbb1-bd16-4fdb-af4b-0fff1381df8a/resourceGroups/dummyapp-rg/providers/Microsoft.Network/networkSecurityGroups/dummyapp-app-nsg",
            "network_interface_id": "/subscriptions/b568dbb1-bd16-4fdb-af4b-0fff1381df8a/resourceGroups/dummyapp-rg/providers/Microsoft.Network/networkInterfaces/dummyapp-app-nic",
            "network_security_group_id": "/subscriptions/b568dbb1-bd16-4fdb-af4b-0fff1381df8a/resourceGroups/dummyapp-rg/providers/Microsoft.Network/networkSecurityGroups/dummyapp-app-nsg",
            "timeouts": null
          },
          "sensitive_attributes": [],
          "identity_schema_version": 0,
          "private": "eyJlMmJmYjczMC1lY2FhLTExZTYtOGY4OC0zNDM2M2JjN2M0YzAiOnsiY3JlYXRlIjoxODAwMDAwMDAwMDAwLCJkZWxldGUiOjE4MDAwMDAwMDAwMDAsInJlYWQiOjMwMDAwMDAwMDAwMH19",
          "dependencies": [
            "azurerm_network_interface.app",
            "azurerm_network_security_group.app",
            "azurerm_public_ip.app",
            "azurerm_resource_group.main",
            "azurerm_subnet.main",
            "azurerm_virtual_network.main"
          ]
        }
      ]
    },
    {
      "mode": "managed",
      "type": "azurerm_network_interface_security_group_association",
      "name": "monitor",
      "provider": "provider[\"registry.terraform.io/hashicorp/azurerm\"]",
      "instances": [
        {
          "schema_version": 0,
          "attributes": {
            "id": "/subscriptions/b568dbb1-bd16-4fdb-af4b-0fff1381df8a/resourceGroups/dummyapp-rg/providers/Microsoft.Network/networkInterfaces/dummyapp-monitor-nic|/subscriptions/b568dbb1-bd16-4fdb-af4b-0fff1381df8a/resourceGroups/dummyapp-rg/providers/Microsoft.Network/networkSecurityGroups/dummyapp-monitor-nsg",
            "network_interface_id": "/subscriptions/b568dbb1-bd16-4fdb-af4b-0fff1381df8a/resourceGroups/dummyapp-rg/providers/Microsoft.Network/networkInterfaces/dummyapp-monitor-nic",
            "network_security_group_id": "/subscriptions/b568dbb1-bd16-4fdb-af4b-0fff1381df8a/resourceGroups/dummyapp-rg/providers/Microsoft.Network/networkSecurityGroups/dummyapp-monitor-nsg",
            "timeouts": null
          },
          "sensitive_attributes": [],
          "identity_schema_version": 0,
          "private": "eyJlMmJmYjczMC1lY2FhLTExZTYtOGY4OC0zNDM2M2JjN2M0YzAiOnsiY3JlYXRlIjoxODAwMDAwMDAwMDAwLCJkZWxldGUiOjE4MDAwMDAwMDAwMDAsInJlYWQiOjMwMDAwMDAwMDAwMH19",
          "dependencies": [
            "azurerm_network_interface.monitor",
            "azurerm_network_security_group.monitor",
            "azurerm_public_ip.monitor",
            "azurerm_resource_group.main",
            "azurerm_subnet.main",
            "azurerm_virtual_network.main"
          ]
        }
      ]
    },
    {
      "mode": "managed",
      "type": "azurerm_network_security_group",
      "name": "app",
      "provider": "provider[\"registry.terraform.io/hashicorp/azurerm\"]",
      "instances": [
        {
          "schema_version": 0,
          "attributes": {
            "id": "/subscriptions/b568dbb1-bd16-4fdb-af4b-0fff1381df8a/resourceGroups/dummyapp-rg/providers/Microsoft.Network/networkSecurityGroups/dummyapp-app-nsg",
            "location": "swedencentral",
            "name": "dummyapp-app-nsg",
            "resource_group_name": "dummyapp-rg",
            "security_rule": [
              {
                "access": "Allow",
                "description": "",
                "destination_address_prefix": "*",
                "destination_address_prefixes": [],
                "destination_application_security_group_ids": [],
                "destination_port_range": "22",
                "destination_port_ranges": [],
                "direction": "Inbound",
                "name": "SSH",
                "priority": 1001,
                "protocol": "Tcp",
                "source_address_prefix": "*",
                "source_address_prefixes": [],
                "source_application_security_group_ids": [],
                "source_port_range": "*",
                "source_port_ranges": []
              },
              {
                "access": "Allow",
                "description": "",
                "destination_address_prefix": "*",
                "destination_address_prefixes": [],
                "destination_application_security_group_ids": [],
                "destination_port_range": "8080",
                "destination_port_ranges": [],
                "direction": "Inbound",
                "name": "AppPort",
                "priority": 1002,
                "protocol": "Tcp",
                "source_address_prefix": "*",
                "source_address_prefixes": [],
                "source_application_security_group_ids": [],
                "source_port_range": "*",
                "source_port_ranges": []
              }
            ],
            "tags": null,
            "timeouts": null
          },
          "sensitive_attributes": [],
          "identity_schema_version": 0,
          "private": "eyJlMmJmYjczMC1lY2FhLTExZTYtOGY4OC0zNDM2M2JjN2M0YzAiOnsiY3JlYXRlIjoxODAwMDAwMDAwMDAwLCJkZWxldGUiOjE4MDAwMDAwMDAwMDAsInJlYWQiOjMwMDAwMDAwMDAwMCwidXBkYXRlIjoxODAwMDAwMDAwMDAwfX0=",
          "dependencies": [
            "azurerm_resource_group.main"
          ]
        }
      ]
    },
    {
      "mode": "managed",
      "type": "azurerm_network_security_group",
      "name": "monitor",
      "provider": "provider[\"registry.terraform.io/hashicorp/azurerm\"]",
      "instances": [
        {
          "schema_version": 0,
          "attributes": {
            "id": "/subscriptions/b568dbb1-bd16-4fdb-af4b-0fff1381df8a/resourceGroups/dummyapp-rg/providers/Microsoft.Network/networkSecurityGroups/dummyapp-monitor-nsg",
            "location": "swedencentral",
            "name": "dummyapp-monitor-nsg",
            "resource_group_name": "dummyapp-rg",
            "security_rule": [
              {
                "access": "Allow",
                "description": "",
                "destination_address_prefix": "*",
                "destination_address_prefixes": [],
                "destination_application_security_group_ids": [],
                "destination_port_range": "22",
                "destination_port_ranges": [],
                "direction": "Inbound",
                "name": "SSH",
                "priority": 1001,
                "protocol": "Tcp",
                "source_address_prefix": "*",
                "source_address_prefixes": [],
                "source_application_security_group_ids": [],
                "source_port_range": "*",
                "source_port_ranges": []
              }
            ],
            "tags": null,
            "timeouts": null
          },
          "sensitive_attributes": [],
          "identity_schema_version": 0,
          "private": "eyJlMmJmYjczMC1lY2FhLTExZTYtOGY4OC0zNDM2M2JjN2M0YzAiOnsiY3JlYXRlIjoxODAwMDAwMDAwMDAwLCJkZWxldGUiOjE4MDAwMDAwMDAwMDAsInJlYWQiOjMwMDAwMDAwMDAwMCwidXBkYXRlIjoxODAwMDAwMDAwMDAwfX0=",
          "dependencies": [
            "azurerm_resource_group.main"
          ]
        }
      ]
    },
    {
      "mode": "managed",
      "type": "azurerm_public_ip",
      "name": "app",
      "provider": "provider[\"registry.terraform.io/hashicorp/azurerm\"]",
      "instances": [
        {
          "schema_version": 0,
          "attributes": {
            "allocation_method": "Static",
            "ddos_protection_mode": "VirtualNetworkInherited",
            "ddos_protection_plan_id": null,
            "domain_name_label": null,
            "edge_zone": "",
            "fqdn": null,
            "id": "/subscriptions/b568dbb1-bd16-4fdb-af4b-0fff1381df8a/resourceGroups/dummyapp-rg/providers/Microsoft.Network/publicIPAddresses/dummyapp-app-ip",
            "idle_timeout_in_minutes": 4,
            "ip_address": "4.223.230.158",
            "ip_tags": {},
            "ip_version": "IPv4",
            "location": "swedencentral",
            "name": "dummyapp-app-ip",
            "public_ip_prefix_id": null,
            "resource_group_name": "dummyapp-rg",
            "reverse_fqdn": null,
            "sku": "Standard",
            "sku_tier": "Regional",
            "tags": {},
            "timeouts": null,
            "zones": []
          },
          "sensitive_attributes": [],
          "identity_schema_version": 0,
          "private": "eyJlMmJmYjczMC1lY2FhLTExZTYtOGY4OC0zNDM2M2JjN2M0YzAiOnsiY3JlYXRlIjoxODAwMDAwMDAwMDAwLCJkZWxldGUiOjE4MDAwMDAwMDAwMDAsInJlYWQiOjMwMDAwMDAwMDAwMCwidXBkYXRlIjoxODAwMDAwMDAwMDAwfX0=",
          "dependencies": [
            "azurerm_resource_group.main"
          ]
        }
      ]
    },
    {
      "mode": "managed",
      "type": "azurerm_public_ip",
      "name": "monitor",
      "provider": "provider[\"registry.terraform.io/hashicorp/azurerm\"]",
      "instances": [
        {
          "schema_version": 0,
          "attributes": {
            "allocation_method": "Static",
            "ddos_protection_mode": "VirtualNetworkInherited",
            "ddos_protection_plan_id": null,
            "domain_name_label": null,
            "edge_zone": "",
            "fqdn": null,
            "id": "/subscriptions/b568dbb1-bd16-4fdb-af4b-0fff1381df8a/resourceGroups/dummyapp-rg/providers/Microsoft.Network/publicIPAddresses/dummyapp-monitor-ip",
            "idle_timeout_in_minutes": 4,
            "ip_address": "4.223.230.68",
            "ip_tags": {},
            "ip_version": "IPv4",
            "location": "swedencentral",
            "name": "dummyapp-monitor-ip",
            "public_ip_prefix_id": null,
            "resource_group_name": "dummyapp-rg",
            "reverse_fqdn": null,
            "sku": "Standard",
            "sku_tier": "Regional",
            "tags": {},
            "timeouts": null,
            "zones": []
          },
          "sensitive_attributes": [],
          "identity_schema_version": 0,
          "private": "eyJlMmJmYjczMC1lY2FhLTExZTYtOGY4OC0zNDM2M2JjN2M0YzAiOnsiY3JlYXRlIjoxODAwMDAwMDAwMDAwLCJkZWxldGUiOjE4MDAwMDAwMDAwMDAsInJlYWQiOjMwMDAwMDAwMDAwMCwidXBkYXRlIjoxODAwMDAwMDAwMDAwfX0=",
          "dependencies": [
            "azurerm_resource_group.main"
          ]
        }
      ]
    },
    {
      "mode": "managed",
      "type": "azurerm_resource_group",
      "name": "main",
      "provider": "provider[\"registry.terraform.io/hashicorp/azurerm\"]",
      "instances": [
        {
          "schema_version": 0,
          "attributes": {
            "id": "/subscriptions/b568dbb1-bd16-4fdb-af4b-0fff1381df8a/resourceGroups/dummyapp-rg",
            "location": "swedencentral",
            "managed_by": "",
            "name": "dummyapp-rg",
            "tags": {},
            "timeouts": null
          },
          "sensitive_attributes": [],
          "identity_schema_version": 0,
          "private": "eyJlMmJmYjczMC1lY2FhLTExZTYtOGY4OC0zNDM2M2JjN2M0YzAiOnsiY3JlYXRlIjo1NDAwMDAwMDAwMDAwLCJkZWxldGUiOjU0MDAwMDAwMDAwMDAsInJlYWQiOjMwMDAwMDAwMDAwMCwidXBkYXRlIjo1NDAwMDAwMDAwMDAwfX0="
        }
      ]
    },
    {
      "mode": "managed",
      "type": "azurerm_subnet",
      "name": "main",
      "provider": "provider[\"registry.terraform.io/hashicorp/azurerm\"]",
      "instances": [
        {
          "schema_version": 0,
          "attributes": {
            "address_prefixes": [
              "10.0.1.0/24"
            ],
            "default_outbound_access_enabled": true,
            "delegation": [],
            "enforce_private_link_endpoint_network_policies": false,
            "enforce_private_link_service_network_policies": false,
            "id": "/subscriptions/b568dbb1-bd16-4fdb-af4b-0fff1381df8a/resourceGroups/dummyapp-rg/providers/Microsoft.Network/virtualNetworks/dummyapp-vnet/subnets/dummyapp-subnet",
            "name": "dummyapp-subnet",
            "private_endpoint_network_policies": "Enabled",
            "private_endpoint_network_policies_enabled": true,
            "private_link_service_network_policies_enabled": true,
            "resource_group_name": "dummyapp-rg",
            "service_endpoint_policy_ids": [],
            "service_endpoints": [],
            "timeouts": null,
            "virtual_network_name": "dummyapp-vnet"
          },
          "sensitive_attributes": [],
          "identity_schema_version": 0,
          "private": "eyJlMmJmYjczMC1lY2FhLTExZTYtOGY4OC0zNDM2M2JjN2M0YzAiOnsiY3JlYXRlIjoxODAwMDAwMDAwMDAwLCJkZWxldGUiOjE4MDAwMDAwMDAwMDAsInJlYWQiOjMwMDAwMDAwMDAwMCwidXBkYXRlIjoxODAwMDAwMDAwMDAwfX0=",
          "dependencies": [
            "azurerm_resource_group.main",
            "azurerm_virtual_network.main"
          ]
        }
      ]
    },
    {
      "mode": "managed",
      "type": "azurerm_virtual_network",
      "name": "main",
      "provider": "provider[\"registry.terraform.io/hashicorp/azurerm\"]",
      "instances": [
        {
          "schema_version": 0,
          "attributes": {
            "address_space": [
              "10.0.0.0/16"
            ],
            "bgp_community": "",
            "ddos_protection_plan": [],
            "dns_servers": [],
            "edge_zone": "",
            "encryption": [],
            "flow_timeout_in_minutes": 0,
            "guid": "59e20a52-ad3d-43f7-b8d1-881854857731",
            "id": "/subscriptions/b568dbb1-bd16-4fdb-af4b-0fff1381df8a/resourceGroups/dummyapp-rg/providers/Microsoft.Network/virtualNetworks/dummyapp-vnet",
            "location": "swedencentral",
            "name": "dummyapp-vnet",
            "resource_group_name": "dummyapp-rg",
            "subnet": [
              {
                "address_prefix": "10.0.1.0/24",
                "id": "/subscriptions/b568dbb1-bd16-4fdb-af4b-0fff1381df8a/resourceGroups/dummyapp-rg/providers/Microsoft.Network/virtualNetworks/dummyapp-vnet/subnets/dummyapp-subnet",
                "name": "dummyapp-subnet",
                "security_group": ""
              }
            ],
            "tags": {},
            "timeouts": null
          },
          "sensitive_attributes": [],
          "identity_schema_version": 0,
          "private": "eyJlMmJmYjczMC1lY2FhLTExZTYtOGY4OC0zNDM2M2JjN2M0YzAiOnsiY3JlYXRlIjoxODAwMDAwMDAwMDAwLCJkZWxldGUiOjE4MDAwMDAwMDAwMDAsInJlYWQiOjMwMDAwMDAwMDAwMCwidXBkYXRlIjoxODAwMDAwMDAwMDAwfX0=",
          "dependencies": [
            "azurerm_resource_group.main"
          ]
        }
      ]
    }
  ],
  "check_results": null
}
